
Microsoft Visual Studio Solution File, Format Version 12.00
# Visual Studio 14
VisualStudioVersion = 14.0.25420.1
MinimumVisualStudioVersion = 10.0.40219.1
Project("{E24C65DC-7377-472B-9ABA-BC803B73C61A}") = "myCardGame1", ".", "{17ABD047-D148-4C37-9EC5-7548F4A9B0B7}"
	ProjectSection(WebsiteProperties) = preProject
		TargetFrameworkMoniker = ".NETFramework,Version%3Dv4.0"
		Debug.AspNetCompiler.VirtualPath = "/myCardGame"
		Debug.AspNetCompiler.PhysicalPath = "..\myCardGame1\"
		Debug.AspNetCompiler.TargetPath = "PrecompiledWeb\myCardGame\"
		Debug.AspNetCompiler.Updateable = "true"
		Debug.AspNetCompiler.ForceOverwrite = "true"
		Debug.AspNetCompiler.FixedNames = "false"
		Debug.AspNetCompiler.Debug = "True"
		Release.AspNetCompiler.VirtualPath = "/myCardGame"
		Release.AspNetCompiler.PhysicalPath = "..\myCardGame1\"
		Release.AspNetCompiler.TargetPath = "PrecompiledWeb\myCardGame\"
		Release.AspNetCompiler.Updateable = "true"
		Release.AspNetCompiler.ForceOverwrite = "true"
		Release.AspNetCompiler.FixedNames = "false"
		Release.AspNetCompiler.Debug = "False"
		VWDPort = "54418"
		SlnRelativePath = "..\myCardGame1\"
	EndProjectSection
EndProject
Global
	GlobalSection(SolutionConfigurationPlatforms) = preSolution
		Debug|Any CPU = Debug|Any CPU
	EndGlobalSection
	GlobalSection(ProjectConfigurationPlatforms) = postSolution
		{17ABD047-D148-4C37-9EC5-7548F4A9B0B7}.Debug|Any CPU.ActiveCfg = Debug|Any CPU
		{17ABD047-D148-4C37-9EC5-7548F4A9B0B7}.Debug|Any CPU.Build.0 = Debug|Any CPU
	EndGlobalSection
	GlobalSection(SolutionProperties) = preSolution
		HideSolutionNode = FALSE
	EndGlobalSection
EndGlobal
